// !$*UTF8*$!
{
	archiveVersion = 1;
	classes = {
	};
	objectVersion = 56;
	objects = {

/* Begin PBXBuildFile section */
		1E5DC1172C80F87D00E58D30 /* AppDelegate.swift in Sources */ = {isa = PBXBuildFile; fileRef = 1E5DC1162C80F87D00E58D30 /* AppDelegate.swift */; };
		1E5DC1192C80F87D00E58D30 /* SceneDelegate.swift in Sources */ = {isa = PBXBuildFile; fileRef = 1E5DC1182C80F87D00E58D30 /* SceneDelegate.swift */; };
		1E5DC11B2C80F87D00E58D30 /* ViewController.swift in Sources */ = {isa = PBXBuildFile; fileRef = 1E5DC11A2C80F87D00E58D30 /* ViewController.swift */; };
		1E5DC11E2C80F87D00E58D30 /* Main.storyboard in Resources */ = {isa = PBXBuildFile; fileRef = 1E5DC11C2C80F87D00E58D30 /* Main.storyboard */; };
		1E5DC1202C80F88100E58D30 /* Assets.xcassets in Resources */ = {isa = PBXBuildFile; fileRef = 1E5DC11F2C80F88100E58D30 /* Assets.xcassets */; };
		1E5DC1232C80F88100E58D30 /* LaunchScreen.storyboard in Resources */ = {isa = PBXBuildFile; fileRef = 1E5DC1212C80F88100E58D30 /* LaunchScreen.storyboard */; };
		1E5DC12E2C80F88100E58D30 /* TechnicalTestTests.swift in Sources */ = {isa = PBXBuildFile; fileRef = 1E5DC12D2C80F88100E58D30 /* TechnicalTestTests.swift */; };
		1E5DC1382C80F88100E58D30 /* TechnicalTestUITests.swift in Sources */ = {isa = PBXBuildFile; fileRef = 1E5DC1372C80F88100E58D30 /* TechnicalTestUITests.swift */; };
		1E5DC13A2C80F88100E58D30 /* TechnicalTestUITestsLaunchTests.swift in Sources */ = {isa = PBXBuildFile; fileRef = 1E5DC1392C80F88100E58D30 /* TechnicalTestUITestsLaunchTests.swift */; };
		1E5DC1482C80FA5D00E58D30 /* NetworkClientProtocol.swift in Sources */ = {isa = PBXBuildFile; fileRef = 1E5DC1472C80FA5D00E58D30 /* NetworkClientProtocol.swift */; };
		1E5DC14A2C80FA6800E58D30 /* NetworkClient.swift in Sources */ = {isa = PBXBuildFile; fileRef = 1E5DC1492C80FA6800E58D30 /* NetworkClient.swift */; };
		1E5DC14C2C80FA7600E58D30 /* NetworkError.swift in Sources */ = {isa = PBXBuildFile; fileRef = 1E5DC14B2C80FA7600E58D30 /* NetworkError.swift */; };
		1E5DC14F2C80FAB500E58D30 /* Users.swift in Sources */ = {isa = PBXBuildFile; fileRef = 1E5DC14E2C80FAB500E58D30 /* Users.swift */; };
		1E5DC1512C80FAC700E58D30 /* UsersServiceProtocol.swift in Sources */ = {isa = PBXBuildFile; fileRef = 1E5DC1502C80FAC700E58D30 /* UsersServiceProtocol.swift */; };
		1E5DC1532C80FACF00E58D30 /* UsersService.swift in Sources */ = {isa = PBXBuildFile; fileRef = 1E5DC1522C80FACF00E58D30 /* UsersService.swift */; };
		1E5DC1562C80FB1800E58D30 /* URLsManager.swift in Sources */ = {isa = PBXBuildFile; fileRef = 1E5DC1552C80FB1800E58D30 /* URLsManager.swift */; };
		1E5DC1582C80FB5400E58D30 /* APIURLS.plist in Resources */ = {isa = PBXBuildFile; fileRef = 1E5DC1572C80FB5400E58D30 /* APIURLS.plist */; };
		1E5DC15B2C80FBC300E58D30 /* UserDefaultsExtension.swift in Sources */ = {isa = PBXBuildFile; fileRef = 1E5DC15A2C80FBC300E58D30 /* UserDefaultsExtension.swift */; };
		1E5DC15D2C80FBD300E58D30 /* UIImageViewExtension.swift in Sources */ = {isa = PBXBuildFile; fileRef = 1E5DC15C2C80FBD300E58D30 /* UIImageViewExtension.swift */; };
		1E5DC1602C80FC1800E58D30 /* ImageCache.swift in Sources */ = {isa = PBXBuildFile; fileRef = 1E5DC15F2C80FC1800E58D30 /* ImageCache.swift */; };
/* End PBXBuildFile section */

/* Begin PBXContainerItemProxy section */
		1E5DC12A2C80F88100E58D30 /* PBXContainerItemProxy */ = {
			isa = PBXContainerItemProxy;
			containerPortal = 1E5DC10B2C80F87D00E58D30 /* Project object */;
			proxyType = 1;
			remoteGlobalIDString = 1E5DC1122C80F87D00E58D30;
			remoteInfo = TechnicalTest;
		};
		1E5DC1342C80F88100E58D30 /* PBXContainerItemProxy */ = {
			isa = PBXContainerItemProxy;
			containerPortal = 1E5DC10B2C80F87D00E58D30 /* Project object */;
			proxyType = 1;
			remoteGlobalIDString = 1E5DC1122C80F87D00E58D30;
			remoteInfo = TechnicalTest;
		};
/* End PBXContainerItemProxy section */

/* Begin PBXFileReference section */
		1E5DC1132C80F87D00E58D30 /* TechnicalTest.app */ = {isa = PBXFileReference; explicitFileType = wrapper.application; includeInIndex = 0; path = TechnicalTest.app; sourceTree = BUILT_PRODUCTS_DIR; };
		1E5DC1162C80F87D00E58D30 /* AppDelegate.swift */ = {isa = PBXFileReference; lastKnownFileType = sourcecode.swift; path = AppDelegate.swift; sourceTree = "<group>"; };
		1E5DC1182C80F87D00E58D30 /* SceneDelegate.swift */ = {isa = PBXFileReference; lastKnownFileType = sourcecode.swift; path = SceneDelegate.swift; sourceTree = "<group>"; };
		1E5DC11A2C80F87D00E58D30 /* ViewController.swift */ = {isa = PBXFileReference; lastKnownFileType = sourcecode.swift; path = ViewController.swift; sourceTree = "<group>"; };
		1E5DC11D2C80F87D00E58D30 /* Base */ = {isa = PBXFileReference; lastKnownFileType = file.storyboard; name = Base; path = Base.lproj/Main.storyboard; sourceTree = "<group>"; };
		1E5DC11F2C80F88100E58D30 /* Assets.xcassets */ = {isa = PBXFileReference; lastKnownFileType = folder.assetcatalog; path = Assets.xcassets; sourceTree = "<group>"; };
		1E5DC1222C80F88100E58D30 /* Base */ = {isa = PBXFileReference; lastKnownFileType = file.storyboard; name = Base; path = Base.lproj/LaunchScreen.storyboard; sourceTree = "<group>"; };
		1E5DC1242C80F88100E58D30 /* Info.plist */ = {isa = PBXFileReference; lastKnownFileType = text.plist.xml; path = Info.plist; sourceTree = "<group>"; };
		1E5DC1292C80F88100E58D30 /* TechnicalTestTests.xctest */ = {isa = PBXFileReference; explicitFileType = wrapper.cfbundle; includeInIndex = 0; path = TechnicalTestTests.xctest; sourceTree = BUILT_PRODUCTS_DIR; };
		1E5DC12D2C80F88100E58D30 /* TechnicalTestTests.swift */ = {isa = PBXFileReference; lastKnownFileType = sourcecode.swift; path = TechnicalTestTests.swift; sourceTree = "<group>"; };
		1E5DC1332C80F88100E58D30 /* TechnicalTestUITests.xctest */ = {isa = PBXFileReference; explicitFileType = wrapper.cfbundle; includeInIndex = 0; path = TechnicalTestUITests.xctest; sourceTree = BUILT_PRODUCTS_DIR; };
		1E5DC1372C80F88100E58D30 /* TechnicalTestUITests.swift */ = {isa = PBXFileReference; lastKnownFileType = sourcecode.swift; path = TechnicalTestUITests.swift; sourceTree = "<group>"; };
		1E5DC1392C80F88100E58D30 /* TechnicalTestUITestsLaunchTests.swift */ = {isa = PBXFileReference; lastKnownFileType = sourcecode.swift; path = TechnicalTestUITestsLaunchTests.swift; sourceTree = "<group>"; };
		1E5DC1472C80FA5D00E58D30 /* NetworkClientProtocol.swift */ = {isa = PBXFileReference; lastKnownFileType = sourcecode.swift; path = NetworkClientProtocol.swift; sourceTree = "<group>"; };
		1E5DC1492C80FA6800E58D30 /* NetworkClient.swift */ = {isa = PBXFileReference; lastKnownFileType = sourcecode.swift; path = NetworkClient.swift; sourceTree = "<group>"; };
		1E5DC14B2C80FA7600E58D30 /* NetworkError.swift */ = {isa = PBXFileReference; lastKnownFileType = sourcecode.swift; path = NetworkError.swift; sourceTree = "<group>"; };
		1E5DC14E2C80FAB500E58D30 /* Users.swift */ = {isa = PBXFileReference; lastKnownFileType = sourcecode.swift; path = Users.swift; sourceTree = "<group>"; };
		1E5DC1502C80FAC700E58D30 /* UsersServiceProtocol.swift */ = {isa = PBXFileReference; lastKnownFileType = sourcecode.swift; path = UsersServiceProtocol.swift; sourceTree = "<group>"; };
		1E5DC1522C80FACF00E58D30 /* UsersService.swift */ = {isa = PBXFileReference; lastKnownFileType = sourcecode.swift; path = UsersService.swift; sourceTree = "<group>"; };
		1E5DC1552C80FB1800E58D30 /* URLsManager.swift */ = {isa = PBXFileReference; lastKnownFileType = sourcecode.swift; path = URLsManager.swift; sourceTree = "<group>"; };
		1E5DC1572C80FB5400E58D30 /* APIURLS.plist */ = {isa = PBXFileReference; lastKnownFileType = text.plist.xml; path = APIURLS.plist; sourceTree = "<group>"; };
		1E5DC15A2C80FBC300E58D30 /* UserDefaultsExtension.swift */ = {isa = PBXFileReference; lastKnownFileType = sourcecode.swift; path = UserDefaultsExtension.swift; sourceTree = "<group>"; };
		1E5DC15C2C80FBD300E58D30 /* UIImageViewExtension.swift */ = {isa = PBXFileReference; lastKnownFileType = sourcecode.swift; path = UIImageViewExtension.swift; sourceTree = "<group>"; };
		1E5DC15F2C80FC1800E58D30 /* ImageCache.swift */ = {isa = PBXFileReference; lastKnownFileType = sourcecode.swift; path = ImageCache.swift; sourceTree = "<group>"; };
/* End PBXFileReference section */

/* Begin PBXFrameworksBuildPhase section */
		1E5DC1102C80F87D00E58D30 /* Frameworks */ = {
			isa = PBXFrameworksBuildPhase;
			buildActionMask = 2147483647;
			files = (
			);
			runOnlyForDeploymentPostprocessing = 0;
		};
		1E5DC1262C80F88100E58D30 /* Frameworks */ = {
			isa = PBXFrameworksBuildPhase;
			buildActionMask = 2147483647;
			files = (
			);
			runOnlyForDeploymentPostprocessing = 0;
		};
		1E5DC1302C80F88100E58D30 /* Frameworks */ = {
			isa = PBXFrameworksBuildPhase;
			buildActionMask = 2147483647;
			files = (
			);
			runOnlyForDeploymentPostprocessing = 0;
		};
/* End PBXFrameworksBuildPhase section */

/* Begin PBXGroup section */
		1E5DC10A2C80F87D00E58D30 = {
			isa = PBXGroup;
			children = (
				1E5DC1152C80F87D00E58D30 /* TechnicalTest */,
				1E5DC12C2C80F88100E58D30 /* TechnicalTestTests */,
				1E5DC1362C80F88100E58D30 /* TechnicalTestUITests */,
				1E5DC1142C80F87D00E58D30 /* Products */,
			);
			sourceTree = "<group>";
		};
		1E5DC1142C80F87D00E58D30 /* Products */ = {
			isa = PBXGroup;
			children = (
				1E5DC1132C80F87D00E58D30 /* TechnicalTest.app */,
				1E5DC1292C80F88100E58D30 /* TechnicalTestTests.xctest */,
				1E5DC1332C80F88100E58D30 /* TechnicalTestUITests.xctest */,
			);
			name = Products;
			sourceTree = "<group>";
		};
		1E5DC1152C80F87D00E58D30 /* TechnicalTest */ = {
			isa = PBXGroup;
			children = (
				1E5DC1462C80FA4900E58D30 /* Network */,
				1E5DC14D2C80FAA100E58D30 /* Service */,
				1E5DC15E2C80FBF900E58D30 /* Utils */,
				1E5DC1592C80FBAF00E58D30 /* Extension */,
				1E5DC1542C80FB0800E58D30 /* Manager */,
				1E5DC1162C80F87D00E58D30 /* AppDelegate.swift */,
				1E5DC1182C80F87D00E58D30 /* SceneDelegate.swift */,
				1E5DC11A2C80F87D00E58D30 /* ViewController.swift */,
				1E5DC11C2C80F87D00E58D30 /* Main.storyboard */,
				1E5DC11F2C80F88100E58D30 /* Assets.xcassets */,
				1E5DC1212C80F88100E58D30 /* LaunchScreen.storyboard */,
				1E5DC1242C80F88100E58D30 /* Info.plist */,
			);
			path = TechnicalTest;
			sourceTree = "<group>";
		};
		1E5DC12C2C80F88100E58D30 /* TechnicalTestTests */ = {
			isa = PBXGroup;
			children = (
				1E5DC12D2C80F88100E58D30 /* TechnicalTestTests.swift */,
			);
			path = TechnicalTestTests;
			sourceTree = "<group>";
		};
		1E5DC1362C80F88100E58D30 /* TechnicalTestUITests */ = {
			isa = PBXGroup;
			children = (
				1E5DC1372C80F88100E58D30 /* TechnicalTestUITests.swift */,
				1E5DC1392C80F88100E58D30 /* TechnicalTestUITestsLaunchTests.swift */,
			);
			path = TechnicalTestUITests;
			sourceTree = "<group>";
		};
		1E5DC1462C80FA4900E58D30 /* Network */ = {
			isa = PBXGroup;
			children = (
				1E5DC1472C80FA5D00E58D30 /* NetworkClientProtocol.swift */,
				1E5DC1492C80FA6800E58D30 /* NetworkClient.swift */,
				1E5DC14B2C80FA7600E58D30 /* NetworkError.swift */,
			);
			path = Network;
			sourceTree = "<group>";
		};
		1E5DC14D2C80FAA100E58D30 /* Service */ = {
			isa = PBXGroup;
			children = (
				1E5DC14E2C80FAB500E58D30 /* Users.swift */,
				1E5DC1502C80FAC700E58D30 /* UsersServiceProtocol.swift */,
				1E5DC1522C80FACF00E58D30 /* UsersService.swift */,
			);
			path = Service;
			sourceTree = "<group>";
		};
		1E5DC1542C80FB0800E58D30 /* Manager */ = {
			isa = PBXGroup;
			children = (
				1E5DC1552C80FB1800E58D30 /* URLsManager.swift */,
				1E5DC1572C80FB5400E58D30 /* APIURLS.plist */,
			);
			path = Manager;
			sourceTree = "<group>";
		};
		1E5DC1592C80FBAF00E58D30 /* Extension */ = {
			isa = PBXGroup;
			children = (
				1E5DC15A2C80FBC300E58D30 /* UserDefaultsExtension.swift */,
				1E5DC15C2C80FBD300E58D30 /* UIImageViewExtension.swift */,
			);
			path = Extension;
			sourceTree = "<group>";
		};
		1E5DC15E2C80FBF900E58D30 /* Utils */ = {
			isa = PBXGroup;
			children = (
				1E5DC15F2C80FC1800E58D30 /* ImageCache.swift */,
			);
			path = Utils;
			sourceTree = "<group>";
		};
/* End PBXGroup section */

/* Begin PBXNativeTarget section */
		1E5DC1122C80F87D00E58D30 /* TechnicalTest */ = {
			isa = PBXNativeTarget;
			buildConfigurationList = 1E5DC13D2C80F88100E58D30 /* Build configuration list for PBXNativeTarget "TechnicalTest" */;
			buildPhases = (
				1E5DC10F2C80F87D00E58D30 /* Sources */,
				1E5DC1102C80F87D00E58D30 /* Frameworks */,
				1E5DC1112C80F87D00E58D30 /* Resources */,
			);
			buildRules = (
			);
			dependencies = (
			);
			name = TechnicalTest;
			productName = TechnicalTest;
			productReference = 1E5DC1132C80F87D00E58D30 /* TechnicalTest.app */;
			productType = "com.apple.product-type.application";
		};
		1E5DC1282C80F88100E58D30 /* TechnicalTestTests */ = {
			isa = PBXNativeTarget;
			buildConfigurationList = 1E5DC1402C80F88100E58D30 /* Build configuration list for PBXNativeTarget "TechnicalTestTests" */;
			buildPhases = (
				1E5DC1252C80F88100E58D30 /* Sources */,
				1E5DC1262C80F88100E58D30 /* Frameworks */,
				1E5DC1272C80F88100E58D30 /* Resources */,
			);
			buildRules = (
			);
			dependencies = (
				1E5DC12B2C80F88100E58D30 /* PBXTargetDependency */,
			);
			name = TechnicalTestTests;
			productName = TechnicalTestTests;
			productReference = 1E5DC1292C80F88100E58D30 /* TechnicalTestTests.xctest */;
			productType = "com.apple.product-type.bundle.unit-test";
		};
		1E5DC1322C80F88100E58D30 /* TechnicalTestUITests */ = {
			isa = PBXNativeTarget;
			buildConfigurationList = 1E5DC1432C80F88100E58D30 /* Build configuration list for PBXNativeTarget "TechnicalTestUITests" */;
			buildPhases = (
				1E5DC12F2C80F88100E58D30 /* Sources */,
				1E5DC1302C80F88100E58D30 /* Frameworks */,
				1E5DC1312C80F88100E58D30 /* Resources */,
			);
			buildRules = (
			);
			dependencies = (
				1E5DC1352C80F88100E58D30 /* PBXTargetDependency */,
			);
			name = TechnicalTestUITests;
			productName = TechnicalTestUITests;
			productReference = 1E5DC1332C80F88100E58D30 /* TechnicalTestUITests.xctest */;
			productType = "com.apple.product-type.bundle.ui-testing";
		};
/* End PBXNativeTarget section */

/* Begin PBXProject section */
		1E5DC10B2C80F87D00E58D30 /* Project object */ = {
			isa = PBXProject;
			attributes = {
				BuildIndependentTargetsInParallel = 1;
				LastSwiftUpdateCheck = 1520;
				LastUpgradeCheck = 1520;
				TargetAttributes = {
					1E5DC1122C80F87D00E58D30 = {
						CreatedOnToolsVersion = 15.2;
					};
					1E5DC1282C80F88100E58D30 = {
						CreatedOnToolsVersion = 15.2;
						TestTargetID = 1E5DC1122C80F87D00E58D30;
					};
					1E5DC1322C80F88100E58D30 = {
						CreatedOnToolsVersion = 15.2;
						TestTargetID = 1E5DC1122C80F87D00E58D30;
					};
				};
			};
			buildConfigurationList = 1E5DC10E2C80F87D00E58D30 /* Build configuration list for PBXProject "TechnicalTest" */;
			compatibilityVersion = "Xcode 14.0";
			developmentRegion = en;
			hasScannedForEncodings = 0;
			knownRegions = (
				en,
				Base,
			);
			mainGroup = 1E5DC10A2C80F87D00E58D30;
			productRefGroup = 1E5DC1142C80F87D00E58D30 /* Products */;
			projectDirPath = "";
			projectRoot = "";
			targets = (
				1E5DC1122C80F87D00E58D30 /* TechnicalTest */,
				1E5DC1282C80F88100E58D30 /* TechnicalTestTests */,
				1E5DC1322C80F88100E58D30 /* TechnicalTestUITests */,
			);
		};
/* End PBXProject section */

/* Begin PBXResourcesBuildPhase section */
		1E5DC1112C80F87D00E58D30 /* Resources */ = {
			isa = PBXResourcesBuildPhase;
			buildActionMask = 2147483647;
			files = (
				1E5DC1232C80F88100E58D30 /* LaunchScreen.storyboard in Resources */,
				1E5DC1202C80F88100E58D30 /* Assets.xcassets in Resources */,
				1E5DC11E2C80F87D00E58D30 /* Main.storyboard in Resources */,
				1E5DC1582C80FB5400E58D30 /* APIURLS.plist in Resources */,
			);
			runOnlyForDeploymentPostprocessing = 0;
		};
		1E5DC1272C80F88100E58D30 /* Resources */ = {
			isa = PBXResourcesBuildPhase;
			buildActionMask = 2147483647;
			files = (
			);
			runOnlyForDeploymentPostprocessing = 0;
		};
		1E5DC1312C80F88100E58D30 /* Resources */ = {
			isa = PBXResourcesBuildPhase;
			buildActionMask = 2147483647;
			files = (
			);
			runOnlyForDeploymentPostprocessing = 0;
		};
/* End PBXResourcesBuildPhase section */

/* Begin PBXSourcesBuildPhase section */
		1E5DC10F2C80F87D00E58D30 /* Sources */ = {
			isa = PBXSourcesBuildPhase;
			buildActionMask = 2147483647;
			files = (
				1E5DC11B2C80F87D00E58D30 /* ViewController.swift in Sources */,
				1E5DC1602C80FC1800E58D30 /* ImageCache.swift in Sources */,
				1E5DC14A2C80FA6800E58D30 /* NetworkClient.swift in Sources */,
				1E5DC15D2C80FBD300E58D30 /* UIImageViewExtension.swift in Sources */,
				1E5DC1512C80FAC700E58D30 /* UsersServiceProtocol.swift in Sources */,
				1E5DC1562C80FB1800E58D30 /* URLsManager.swift in Sources */,
				1E5DC1532C80FACF00E58D30 /* UsersService.swift in Sources */,
				1E5DC1482C80FA5D00E58D30 /* NetworkClientProtocol.swift in Sources */,
				1E5DC14C2C80FA7600E58D30 /* NetworkError.swift in Sources */,
				1E5DC1172C80F87D00E58D30 /* AppDelegate.swift in Sources */,
				1E5DC1192C80F87D00E58D30 /* SceneDelegate.swift in Sources */,
				1E5DC14F2C80FAB500E58D30 /* Users.swift in Sources */,
				1E5DC15B2C80FBC300E58D30 /* UserDefaultsExtension.swift in Sources */,
			);
			runOnlyForDeploymentPostprocessing = 0;
		};
		1E5DC1252C80F88100E58D30 /* Sources */ = {
			isa = PBXSourcesBuildPhase;
			buildActionMask = 2147483647;
			files = (
				1E5DC12E2C80F88100E58D30 /* TechnicalTestTests.swift in Sources */,
			);
			runOnlyForDeploymentPostprocessing = 0;
		};
		1E5DC12F2C80F88100E58D30 /* Sources */ = {
			isa = PBXSourcesBuildPhase;
			buildActionMask = 2147483647;
			files = (
				1E5DC13A2C80F88100E58D30 /* TechnicalTestUITestsLaunchTests.swift in Sources */,
				1E5DC1382C80F88100E58D30 /* TechnicalTestUITests.swift in Sources */,
			);
			runOnlyForDeploymentPostprocessing = 0;
		};
/* End PBXSourcesBuildPhase section */

/* Begin PBXTargetDependency section */
		1E5DC12B2C80F88100E58D30 /* PBXTargetDependency */ = {
			isa = PBXTargetDependency;
			target = 1E5DC1122C80F87D00E58D30 /* TechnicalTest */;
			targetProxy = 1E5DC12A2C80F88100E58D30 /* PBXContainerItemProxy */;
		};
		1E5DC1352C80F88100E58D30 /* PBXTargetDependency */ = {
			isa = PBXTargetDependency;
			target = 1E5DC1122C80F87D00E58D30 /* TechnicalTest */;
			targetProxy = 1E5DC1342C80F88100E58D30 /* PBXContainerItemProxy */;
		};
/* End PBXTargetDependency section */

/* Begin PBXVariantGroup section */
		1E5DC11C2C80F87D00E58D30 /* Main.storyboard */ = {
			isa = PBXVariantGroup;
			children = (
				1E5DC11D2C80F87D00E58D30 /* Base */,
			);
			name = Main.storyboard;
			sourceTree = "<group>";
		};
		1E5DC1212C80F88100E58D30 /* LaunchScreen.storyboard */ = {
			isa = PBXVariantGroup;
			children = (
				1E5DC1222C80F88100E58D30 /* Base */,
			);
			name = LaunchScreen.storyboard;
			sourceTree = "<group>";
		};
/* End PBXVariantGroup section */

/* Begin XCBuildConfiguration section */
		1E5DC13B2C80F88100E58D30 /* Debug */ = {
			isa = XCBuildConfiguration;
			buildSettings = {
				ALWAYS_SEARCH_USER_PATHS = NO;
				ASSETCATALOG_COMPILER_GENERATE_SWIFT_ASSET_SYMBOL_EXTENSIONS = YES;
				CLANG_ANALYZER_NONNULL = YES;
				CLANG_ANALYZER_NUMBER_OBJECT_CONVERSION = YES_AGGRESSIVE;
				CLANG_CXX_LANGUAGE_STANDARD = "gnu++20";
				CLANG_ENABLE_MODULES = YES;
				CLANG_ENABLE_OBJC_ARC = YES;
				CLANG_ENABLE_OBJC_WEAK = YES;
				CLANG_WARN_BLOCK_CAPTURE_AUTORELEASING = YES;
				CLANG_WARN_BOOL_CONVERSION = YES;
				CLANG_WARN_COMMA = YES;
				CLANG_WARN_CONSTANT_CONVERSION = YES;
				CLANG_WARN_DEPRECATED_OBJC_IMPLEMENTATIONS = YES;
				CLANG_WARN_DIRECT_OBJC_ISA_USAGE = YES_ERROR;
				CLANG_WARN_DOCUMENTATION_COMMENTS = YES;
				CLANG_WARN_EMPTY_BODY = YES;
				CLANG_WARN_ENUM_CONVERSION = YES;
				CLANG_WARN_INFINITE_RECURSION = YES;
				CLANG_WARN_INT_CONVERSION = YES;
				CLANG_WARN_NON_LITERAL_NULL_CONVERSION = YES;
				CLANG_WARN_OBJC_IMPLICIT_RETAIN_SELF = YES;
				CLANG_WARN_OBJC_LITERAL_CONVERSION = YES;
				CLANG_WARN_OBJC_ROOT_CLASS = YES_ERROR;
				CLANG_WARN_QUOTED_INCLUDE_IN_FRAMEWORK_HEADER = YES;
				CLANG_WARN_RANGE_LOOP_ANALYSIS = YES;
				CLANG_WARN_STRICT_PROTOTYPES = YES;
				CLANG_WARN_SUSPICIOUS_MOVE = YES;
				CLANG_WARN_UNGUARDED_AVAILABILITY = YES_AGGRESSIVE;
				CLANG_WARN_UNREACHABLE_CODE = YES;
				CLANG_WARN__DUPLICATE_METHOD_MATCH = YES;
				COPY_PHASE_STRIP = NO;
				DEBUG_INFORMATION_FORMAT = dwarf;
				ENABLE_STRICT_OBJC_MSGSEND = YES;
				ENABLE_TESTABILITY = YES;
				ENABLE_USER_SCRIPT_SANDBOXING = YES;
				GCC_C_LANGUAGE_STANDARD = gnu17;
				GCC_DYNAMIC_NO_PIC = NO;
				GCC_NO_COMMON_BLOCKS = YES;
				GCC_OPTIMIZATION_LEVEL = 0;
				GCC_PREPROCESSOR_DEFINITIONS = (
					"DEBUG=1",
					"$(inherited)",
				);
				GCC_WARN_64_TO_32_BIT_CONVERSION = YES;
				GCC_WARN_ABOUT_RETURN_TYPE = YES_ERROR;
				GCC_WARN_UNDECLARED_SELECTOR = YES;
				GCC_WARN_UNINITIALIZED_AUTOS = YES_AGGRESSIVE;
				GCC_WARN_UNUSED_FUNCTION = YES;
				GCC_WARN_UNUSED_VARIABLE = YES;
				IPHONEOS_DEPLOYMENT_TARGET = 17.2;
				LOCALIZATION_PREFERS_STRING_CATALOGS = YES;
				MTL_ENABLE_DEBUG_INFO = INCLUDE_SOURCE;
				MTL_FAST_MATH = YES;
				ONLY_ACTIVE_ARCH = YES;
				SDKROOT = iphoneos;
				SWIFT_ACTIVE_COMPILATION_CONDITIONS = "DEBUG $(inherited)";
				SWIFT_OPTIMIZATION_LEVEL = "-Onone";
			};
			name = Debug;
		};
		1E5DC13C2C80F88100E58D30 /* Release */ = {
			isa = XCBuildConfiguration;
			buildSettings = {
				ALWAYS_SEARCH_USER_PATHS = NO;
				ASSETCATALOG_COMPILER_GENERATE_SWIFT_ASSET_SYMBOL_EXTENSIONS = YES;
				CLANG_ANALYZER_NONNULL = YES;
				CLANG_ANALYZER_NUMBER_OBJECT_CONVERSION = YES_AGGRESSIVE;
				CLANG_CXX_LANGUAGE_STANDARD = "gnu++20";
				CLANG_ENABLE_MODULES = YES;
				CLANG_ENABLE_OBJC_ARC = YES;
				CLANG_ENABLE_OBJC_WEAK = YES;
				CLANG_WARN_BLOCK_CAPTURE_AUTORELEASING = YES;
				CLANG_WARN_BOOL_CONVERSION = YES;
				CLANG_WARN_COMMA = YES;
				CLANG_WARN_CONSTANT_CONVERSION = YES;
				CLANG_WARN_DEPRECATED_OBJC_IMPLEMENTATIONS = YES;
				CLANG_WARN_DIRECT_OBJC_ISA_USAGE = YES_ERROR;
				CLANG_WARN_DOCUMENTATION_COMMENTS = YES;
				CLANG_WARN_EMPTY_BODY = YES;
				CLANG_WARN_ENUM_CONVERSION = YES;
				CLANG_WARN_INFINITE_RECURSION = YES;
				CLANG_WARN_INT_CONVERSION = YES;
				CLANG_WARN_NON_LITERAL_NULL_CONVERSION = YES;
				CLANG_WARN_OBJC_IMPLICIT_RETAIN_SELF = YES;
				CLANG_WARN_OBJC_LITERAL_CONVERSION = YES;
				CLANG_WARN_OBJC_ROOT_CLASS = YES_ERROR;
				CLANG_WARN_QUOTED_INCLUDE_IN_FRAMEWORK_HEADER = YES;
				CLANG_WARN_RANGE_LOOP_ANALYSIS = YES;
				CLANG_WARN_STRICT_PROTOTYPES = YES;
				CLANG_WARN_SUSPICIOUS_MOVE = YES;
				CLANG_WARN_UNGUARDED_AVAILABILITY = YES_AGGRESSIVE;
				CLANG_WARN_UNREACHABLE_CODE = YES;
				CLANG_WARN__DUPLICATE_METHOD_MATCH = YES;
				COPY_PHASE_STRIP = NO;
				DEBUG_INFORMATION_FORMAT = "dwarf-with-dsym";
				ENABLE_NS_ASSERTIONS = NO;
				ENABLE_STRICT_OBJC_MSGSEND = YES;
				ENABLE_USER_SCRIPT_SANDBOXING = YES;
				GCC_C_LANGUAGE_STANDARD = gnu17;
				GCC_NO_COMMON_BLOCKS = YES;
				GCC_WARN_64_TO_32_BIT_CONVERSION = YES;
				GCC_WARN_ABOUT_RETURN_TYPE = YES_ERROR;
				GCC_WARN_UNDECLARED_SELECTOR = YES;
				GCC_WARN_UNINITIALIZED_AUTOS = YES_AGGRESSIVE;
				GCC_WARN_UNUSED_FUNCTION = YES;
				GCC_WARN_UNUSED_VARIABLE = YES;
				IPHONEOS_DEPLOYMENT_TARGET = 17.2;
				LOCALIZATION_PREFERS_STRING_CATALOGS = YES;
				MTL_ENABLE_DEBUG_INFO = NO;
				MTL_FAST_MATH = YES;
				SDKROOT = iphoneos;
				SWIFT_COMPILATION_MODE = wholemodule;
				VALIDATE_PRODUCT = YES;
			};
			name = Release;
		};
		1E5DC13E2C80F88100E58D30 /* Debug */ = {
			isa = XCBuildConfiguration;
			buildSettings = {
				ASSETCATALOG_COMPILER_APPICON_NAME = AppIcon;
				ASSETCATALOG_COMPILER_GLOBAL_ACCENT_COLOR_NAME = AccentColor;
				CODE_SIGN_STYLE = Automatic;
				CURRENT_PROJECT_VERSION = 1;
				GENERATE_INFOPLIST_FILE = YES;
				INFOPLIST_FILE = TechnicalTest/Info.plist;
				INFOPLIST_KEY_UIApplicationSupportsIndirectInputEvents = YES;
				INFOPLIST_KEY_UILaunchStoryboardName = LaunchScreen;
				INFOPLIST_KEY_UIMainStoryboardFile = Main;
				INFOPLIST_KEY_UISupportedInterfaceOrientations_iPad = "UIInterfaceOrientationPortrait UIInterfaceOrientationPortraitUpsideDown UIInterfaceOrientationLandscapeLeft UIInterfaceOrientationLandscapeRight";
				INFOPLIST_KEY_UISupportedInterfaceOrientations_iPhone = "UIInterfaceOrientationPortrait UIInterfaceOrientationLandscapeLeft UIInterfaceOrientationLandscapeRight";
				LD_RUNPATH_SEARCH_PATHS = (
					"$(inherited)",
					"@executable_path/Frameworks",
				);
				MARKETING_VERSION = 1.0;
				PRODUCT_BUNDLE_IDENTIFIER = com.naderfadhl.TechnicalTest;
				PRODUCT_NAME = "$(TARGET_NAME)";
				SWIFT_EMIT_LOC_STRINGS = YES;
				SWIFT_VERSION = 5.0;
				TARGETED_DEVICE_FAMILY = "1,2";
			};
			name = Debug;
		};
		1E5DC13F2C80F88100E58D30 /* Release */ = {
			isa = XCBuildConfiguration;
			buildSettings = {
				ASSETCATALOG_COMPILER_APPICON_NAME = AppIcon;
				ASSETCATALOG_COMPILER_GLOBAL_ACCENT_COLOR_NAME = AccentColor;
				CODE_SIGN_STYLE = Automatic;
				CURRENT_PROJECT_VERSION = 1;
				GENERATE_INFOPLIST_FILE = YES;
				INFOPLIST_FILE = TechnicalTest/Info.plist;
				INFOPLIST_KEY_UIApplicationSupportsIndirectInputEvents = YES;
				INFOPLIST_KEY_UILaunchStoryboardName = LaunchScreen;
				INFOPLIST_KEY_UIMainStoryboardFile = Main;
				INFOPLIST_KEY_UISupportedInterfaceOrientations_iPad = "UIInterfaceOrientationPortrait UIInterfaceOrientationPortraitUpsideDown UIInterfaceOrientationLandscapeLeft UIInterfaceOrientationLandscapeRight";
				INFOPLIST_KEY_UISupportedInterfaceOrientations_iPhone = "UIInterfaceOrientationPortrait UIInterfaceOrientationLandscapeLeft UIInterfaceOrientationLandscapeRight";
				LD_RUNPATH_SEARCH_PATHS = (
					"$(inherited)",
					"@executable_path/Frameworks",
				);
				MARKETING_VERSION = 1.0;
				PRODUCT_BUNDLE_IDENTIFIER = com.naderfadhl.TechnicalTest;
				PRODUCT_NAME = "$(TARGET_NAME)";
				SWIFT_EMIT_LOC_STRINGS = YES;
				SWIFT_VERSION = 5.0;
				TARGETED_DEVICE_FAMILY = "1,2";
			};
			name = Release;
		};
		1E5DC1412C80F88100E58D30 /* Debug */ = {
			isa = XCBuildConfiguration;
			buildSettings = {
				ALWAYS_EMBED_SWIFT_STANDARD_LIBRARIES = YES;
				BUNDLE_LOADER = "$(TEST_HOST)";
				CODE_SIGN_STYLE = Automatic;
				CURRENT_PROJECT_VERSION = 1;
				GENERATE_INFOPLIST_FILE = YES;
				IPHONEOS_DEPLOYMENT_TARGET = 17.2;
				MARKETING_VERSION = 1.0;
				PRODUCT_BUNDLE_IDENTIFIER = com.naderfadhl.TechnicalTestTests;
				PRODUCT_NAME = "$(TARGET_NAME)";
				SWIFT_EMIT_LOC_STRINGS = NO;
				SWIFT_VERSION = 5.0;
				TARGETED_DEVICE_FAMILY = "1,2";
				TEST_HOST = "$(BUILT_PRODUCTS_DIR)/TechnicalTest.app/$(BUNDLE_EXECUTABLE_FOLDER_PATH)/TechnicalTest";
			};
			name = Debug;
		};
		1E5DC1422C80F88100E58D30 /* Release */ = {
			isa = XCBuildConfiguration;
			buildSettings = {
				ALWAYS_EMBED_SWIFT_STANDARD_LIBRARIES = YES;
				BUNDLE_LOADER = "$(TEST_HOST)";
				CODE_SIGN_STYLE = Automatic;
				CURRENT_PROJECT_VERSION = 1;
				GENERATE_INFOPLIST_FILE = YES;
				IPHONEOS_DEPLOYMENT_TARGET = 17.2;
				MARKETING_VERSION = 1.0;
				PRODUCT_BUNDLE_IDENTIFIER = com.naderfadhl.TechnicalTestTests;
				PRODUCT_NAME = "$(TARGET_NAME)";
				SWIFT_EMIT_LOC_STRINGS = NO;
				SWIFT_VERSION = 5.0;
				TARGETED_DEVICE_FAMILY = "1,2";
				TEST_HOST = "$(BUILT_PRODUCTS_DIR)/TechnicalTest.app/$(BUNDLE_EXECUTABLE_FOLDER_PATH)/TechnicalTest";
			};
			name = Release;
		};
		1E5DC1442C80F88100E58D30 /* Debug */ = {
			isa = XCBuildConfiguration;
			buildSettings = {
				ALWAYS_EMBED_SWIFT_STANDARD_LIBRARIES = YES;
				CODE_SIGN_STYLE = Automatic;
				CURRENT_PROJECT_VERSION = 1;
				GENERATE_INFOPLIST_FILE = YES;
				MARKETING_VERSION = 1.0;
				PRODUCT_BUNDLE_IDENTIFIER = com.naderfadhl.TechnicalTestUITests;
				PRODUCT_NAME = "$(TARGET_NAME)";
				SWIFT_EMIT_LOC_STRINGS = NO;
				SWIFT_VERSION = 5.0;
				TARGETED_DEVICE_FAMILY = "1,2";
				TEST_TARGET_NAME = TechnicalTest;
			};
			name = Debug;
		};
		1E5DC1452C80F88100E58D30 /* Release */ = {
			isa = XCBuildConfiguration;
			buildSettings = {
				ALWAYS_EMBED_SWIFT_STANDARD_LIBRARIES = YES;
				CODE_SIGN_STYLE = Automatic;
				CURRENT_PROJECT_VERSION = 1;
				GENERATE_INFOPLIST_FILE = YES;
				MARKETING_VERSION = 1.0;
				PRODUCT_BUNDLE_IDENTIFIER = com.naderfadhl.TechnicalTestUITests;
				PRODUCT_NAME = "$(TARGET_NAME)";
				SWIFT_EMIT_LOC_STRINGS = NO;
				SWIFT_VERSION = 5.0;
				TARGETED_DEVICE_FAMILY = "1,2";
				TEST_TARGET_NAME = TechnicalTest;
			};
			name = Release;
		};
/* End XCBuildConfiguration section */

/* Begin XCConfigurationList section */
		1E5DC10E2C80F87D00E58D30 /* Build configuration list for PBXProject "TechnicalTest" */ = {
			isa = XCConfigurationList;
			buildConfigurations = (
				1E5DC13B2C80F88100E58D30 /* Debug */,
				1E5DC13C2C80F88100E58D30 /* Release */,
			);
			defaultConfigurationIsVisible = 0;
			defaultConfigurationName = Release;
		};
		1E5DC13D2C80F88100E58D30 /* Build configuration list for PBXNativeTarget "TechnicalTest" */ = {
			isa = XCConfigurationList;
			buildConfigurations = (
				1E5DC13E2C80F88100E58D30 /* Debug */,
				1E5DC13F2C80F88100E58D30 /* Release */,
			);
			defaultConfigurationIsVisible = 0;
			defaultConfigurationName = Release;
		};
		1E5DC1402C80F88100E58D30 /* Build configuration list for PBXNativeTarget "TechnicalTestTests" */ = {
			isa = XCConfigurationList;
			buildConfigurations = (
				1E5DC1412C80F88100E58D30 /* Debug */,
				1E5DC1422C80F88100E58D30 /* Release */,
			);
			defaultConfigurationIsVisible = 0;
			defaultConfigurationName = Release;
		};
		1E5DC1432C80F88100E58D30 /* Build configuration list for PBXNativeTarget "TechnicalTestUITests" */ = {
			isa = XCConfigurationList;
			buildConfigurations = (
				1E5DC1442C80F88100E58D30 /* Debug */,
				1E5DC1452C80F88100E58D30 /* Release */,
			);
			defaultConfigurationIsVisible = 0;
			defaultConfigurationName = Release;
		};
/* End XCConfigurationList section */
	};
	rootObject = 1E5DC10B2C80F87D00E58D30 /* Project object */;
}
